// !$*UTF8*$!
{
	archiveVersion = 1;
	classes = {
	};
	objectVersion = 77;
	objects = {

/* Begin PBXBuildFile section */
		08570E56B23E8897866332B4 /* ProcessRunner.swift in Sources */ = {isa = PBXBuildFile; fileRef = 5387A034F903008D25148A69 /* ProcessRunner.swift */; };
		0A95D0E458A60401424E5C91 /* ProjectScannerTests.swift in Sources */ = {isa = PBXBuildFile; fileRef = 11F22EAB01519F2BA6D34C25 /* ProjectScannerTests.swift */; };
		0FCD024EFC7FF9E2DDF431EC /* ProjectExplorerView.swift in Sources */ = {isa = PBXBuildFile; fileRef = EDD1DA732918B00609640F1E /* ProjectExplorerView.swift */; };
		1149A28813C129F9C0EBD8EE /* CompilationArtifactLoaderTests.swift in Sources */ = {isa = PBXBuildFile; fileRef = 53BD997D367C2B79DDBCA43B /* CompilationArtifactLoaderTests.swift */; };
		13057B1870E4D798E230B497 /* CompilationResult.swift in Sources */ = {isa = PBXBuildFile; fileRef = 89134B9D7F63368A21F357C2 /* CompilationResult.swift */; };
		144DD5A716A8B911B5FB0F56 /* WebKit.framework in Frameworks */ = {isa = PBXBuildFile; fileRef = 846C25698E89B9D3C34AFE29 /* WebKit.framework */; };
		1931C71C3EEB72E303E68183 /* TectonicCompiler.swift in Sources */ = {isa = PBXBuildFile; fileRef = 4E8DF54078C8291B96E7D427 /* TectonicCompiler.swift */; };
		1B0683BCD3B0727062A53F0D /* PDFPreview.swift in Sources */ = {isa = PBXBuildFile; fileRef = 2C12A16CF849B36090C7653F /* PDFPreview.swift */; };
		1BAC3986D550A6694984EB9E /* ProjectScanner.swift in Sources */ = {isa = PBXBuildFile; fileRef = E0A7A21F9D12F98B22B8FB9D /* ProjectScanner.swift */; };
		22DA548458DB788294367E88 /* EditorResources in Resources */ = {isa = PBXBuildFile; fileRef = AEBEB87DF65F5B054C95DA65 /* EditorResources */; };
		2F15177780AEFD51D7CF08A9 /* TectonicCompilerTests.swift in Sources */ = {isa = PBXBuildFile; fileRef = 3F762C78BAEF3D047782EA39 /* TectonicCompilerTests.swift */; };
		4271280416A45581E425D848 /* ExplorerCreationDestinationTests.swift in Sources */ = {isa = PBXBuildFile; fileRef = DF8A99D3B4B01485EA000991 /* ExplorerCreationDestinationTests.swift */; };
		64512BD3A6A39040EBF7F72E /* ExplorerEditPolicyTests.swift in Sources */ = {isa = PBXBuildFile; fileRef = F9609EE19494CCF37B5096BF /* ExplorerEditPolicyTests.swift */; };
		70279808A84056875506D3E2 /* CompilationDiagnostic.swift in Sources */ = {isa = PBXBuildFile; fileRef = 6FBB830572CA65092E0F6BFF /* CompilationDiagnostic.swift */; };
		7DDAE3335693D4BBC28986F6 /* LaTeXDiagnosticParserTests.swift in Sources */ = {isa = PBXBuildFile; fileRef = 3BEEDB88B2DA9DDF68DC1224 /* LaTeXDiagnosticParserTests.swift */; };
		8439B3075A89765B94666B96 /* ProjectResourceManagerTests.swift in Sources */ = {isa = PBXBuildFile; fileRef = 7EF547C3EDD6A0103C5669A3 /* ProjectResourceManagerTests.swift */; };
		886986DEC48D247095475A24 /* PrismPlusApp.swift in Sources */ = {isa = PBXBuildFile; fileRef = E6E031E647AD20C97B20A374 /* PrismPlusApp.swift */; };
		8AA60AE75320665A1ADF5F3C /* LaTeXDiagnosticParser.swift in Sources */ = {isa = PBXBuildFile; fileRef = C62785E299C8753A0E9BB794 /* LaTeXDiagnosticParser.swift */; };
		911DD5F8049436ACAE4018D7 /* LaTeXSourceReadinessTests.swift in Sources */ = {isa = PBXBuildFile; fileRef = 9F7CB2AF8D7D1B9B4E9F20C2 /* LaTeXSourceReadinessTests.swift */; };
		9A64381B54138AAFA2380BF5 /* LaTeXDocumentTemplate.swift in Sources */ = {isa = PBXBuildFile; fileRef = ACFB88097DD635842006DD2C /* LaTeXDocumentTemplate.swift */; };
		9F4EBD1D2122F97A99D60496 /* ProcessInvocation.swift in Sources */ = {isa = PBXBuildFile; fileRef = 61423680AACBF5EFF036B17D /* ProcessInvocation.swift */; };
		A1F8B6C1E0D9C40AD3A4C795 /* MonacoEditorView.swift in Sources */ = {isa = PBXBuildFile; fileRef = 3167E2B07C27D71496AF8475 /* MonacoEditorView.swift */; };
		A49224E66397FA40080BE374 /* WorkspaceViewModel.swift in Sources */ = {isa = PBXBuildFile; fileRef = D5C1C5B7FFF1C86633128318 /* WorkspaceViewModel.swift */; };
		B585FD97917E802784D53134 /* LaTeXSourceReadiness.swift in Sources */ = {isa = PBXBuildFile; fileRef = 27687ECF3D504FC44AE90E02 /* LaTeXSourceReadiness.swift */; };
		BF970159ED9E35AD92DFB5C7 /* WorkspaceView.swift in Sources */ = {isa = PBXBuildFile; fileRef = F3CBC420AC182D58ACE844BC /* WorkspaceView.swift */; };
		CFB645DA6E9023D18D00C171 /* WorkspaceViewModelTests.swift in Sources */ = {isa = PBXBuildFile; fileRef = 4057D81654E5D4DDDF2937E3 /* WorkspaceViewModelTests.swift */; };
		EBBDA650AAAD369DD39DFA25 /* TectonicCommandBuilderTests.swift in Sources */ = {isa = PBXBuildFile; fileRef = 14D20CA851785C30A8EA965E /* TectonicCommandBuilderTests.swift */; };
		F276DFD7C73FFFE8F5B2DC6C /* PDFKit.framework in Frameworks */ = {isa = PBXBuildFile; fileRef = BDE88BB1BD7F8C4E97CE959B /* PDFKit.framework */; };
		F8B1FF6471150145ABC97CB9 /* ProjectResourceManager.swift in Sources */ = {isa = PBXBuildFile; fileRef = 107C12B3CC7B6B313023450E /* ProjectResourceManager.swift */; };
		FAA39D54A189FA27074A770E /* ExplorerEditPolicy.swift in Sources */ = {isa = PBXBuildFile; fileRef = 73B789C3C329B9B98B03DF9E /* ExplorerEditPolicy.swift */; };
/* End PBXBuildFile section */

/* Begin PBXContainerItemProxy section */
		5E51F1EBED9D436E6077D481 /* PBXContainerItemProxy */ = {
			isa = PBXContainerItemProxy;
			containerPortal = B1CE44D0A442932ABBE5CCBA /* Project object */;
			proxyType = 1;
			remoteGlobalIDString = 0F7DC7F4A22E8359DB0D7C3B;
			remoteInfo = PrismPlus;
		};
/* End PBXContainerItemProxy section */

/* Begin PBXFileReference section */
		027981C3B6400A8B3F0431FF /* PrismPlus.app */ = {isa = PBXFileReference; explicitFileType = wrapper.application; includeInIndex = 0; path = PrismPlus.app; sourceTree = BUILT_PRODUCTS_DIR; };
		107C12B3CC7B6B313023450E /* ProjectResourceManager.swift */ = {isa = PBXFileReference; lastKnownFileType = sourcecode.swift; path = ProjectResourceManager.swift; sourceTree = "<group>"; };
		11F22EAB01519F2BA6D34C25 /* ProjectScannerTests.swift */ = {isa = PBXFileReference; lastKnownFileType = sourcecode.swift; path = ProjectScannerTests.swift; sourceTree = "<group>"; };
		14D20CA851785C30A8EA965E /* TectonicCommandBuilderTests.swift */ = {isa = PBXFileReference; lastKnownFileType = sourcecode.swift; path = TectonicCommandBuilderTests.swift; sourceTree = "<group>"; };
		27687ECF3D504FC44AE90E02 /* LaTeXSourceReadiness.swift */ = {isa = PBXFileReference; lastKnownFileType = sourcecode.swift; path = LaTeXSourceReadiness.swift; sourceTree = "<group>"; };
		2C12A16CF849B36090C7653F /* PDFPreview.swift */ = {isa = PBXFileReference; lastKnownFileType = sourcecode.swift; path = PDFPreview.swift; sourceTree = "<group>"; };
		3167E2B07C27D71496AF8475 /* MonacoEditorView.swift */ = {isa = PBXFileReference; lastKnownFileType = sourcecode.swift; path = MonacoEditorView.swift; sourceTree = "<group>"; };
		3BEEDB88B2DA9DDF68DC1224 /* LaTeXDiagnosticParserTests.swift */ = {isa = PBXFileReference; lastKnownFileType = sourcecode.swift; path = LaTeXDiagnosticParserTests.swift; sourceTree = "<group>"; };
		3F762C78BAEF3D047782EA39 /* TectonicCompilerTests.swift */ = {isa = PBXFileReference; lastKnownFileType = sourcecode.swift; path = TectonicCompilerTests.swift; sourceTree = "<group>"; };
		4057D81654E5D4DDDF2937E3 /* WorkspaceViewModelTests.swift */ = {isa = PBXFileReference; lastKnownFileType = sourcecode.swift; path = WorkspaceViewModelTests.swift; sourceTree = "<group>"; };
		4E8DF54078C8291B96E7D427 /* TectonicCompiler.swift */ = {isa = PBXFileReference; lastKnownFileType = sourcecode.swift; path = TectonicCompiler.swift; sourceTree = "<group>"; };
		5387A034F903008D25148A69 /* ProcessRunner.swift */ = {isa = PBXFileReference; lastKnownFileType = sourcecode.swift; path = ProcessRunner.swift; sourceTree = "<group>"; };
		53BD997D367C2B79DDBCA43B /* CompilationArtifactLoaderTests.swift */ = {isa = PBXFileReference; lastKnownFileType = sourcecode.swift; path = CompilationArtifactLoaderTests.swift; sourceTree = "<group>"; };
		61423680AACBF5EFF036B17D /* ProcessInvocation.swift */ = {isa = PBXFileReference; lastKnownFileType = sourcecode.swift; path = ProcessInvocation.swift; sourceTree = "<group>"; };
		6FBB830572CA65092E0F6BFF /* CompilationDiagnostic.swift */ = {isa = PBXFileReference; lastKnownFileType = sourcecode.swift; path = CompilationDiagnostic.swift; sourceTree = "<group>"; };
		73B789C3C329B9B98B03DF9E /* ExplorerEditPolicy.swift */ = {isa = PBXFileReference; lastKnownFileType = sourcecode.swift; path = ExplorerEditPolicy.swift; sourceTree = "<group>"; };
		7EF547C3EDD6A0103C5669A3 /* ProjectResourceManagerTests.swift */ = {isa = PBXFileReference; lastKnownFileType = sourcecode.swift; path = ProjectResourceManagerTests.swift; sourceTree = "<group>"; };
		846C25698E89B9D3C34AFE29 /* WebKit.framework */ = {isa = PBXFileReference; lastKnownFileType = wrapper.framework; name = WebKit.framework; path = System/Library/Frameworks/WebKit.framework; sourceTree = SDKROOT; };
		89134B9D7F63368A21F357C2 /* CompilationResult.swift */ = {isa = PBXFileReference; lastKnownFileType = sourcecode.swift; path = CompilationResult.swift; sourceTree = "<group>"; };
		9F7CB2AF8D7D1B9B4E9F20C2 /* LaTeXSourceReadinessTests.swift */ = {isa = PBXFileReference; lastKnownFileType = sourcecode.swift; path = LaTeXSourceReadinessTests.swift; sourceTree = "<group>"; };
		ACFB88097DD635842006DD2C /* LaTeXDocumentTemplate.swift */ = {isa = PBXFileReference; lastKnownFileType = sourcecode.swift; path = LaTeXDocumentTemplate.swift; sourceTree = "<group>"; };
		AEBEB87DF65F5B054C95DA65 /* EditorResources */ = {isa = PBXFileReference; lastKnownFileType = folder; name = EditorResources; path = PrismPlus/EditorResources; sourceTree = SOURCE_ROOT; };
		BDE88BB1BD7F8C4E97CE959B /* PDFKit.framework */ = {isa = PBXFileReference; lastKnownFileType = wrapper.framework; name = PDFKit.framework; path = System/Library/Frameworks/PDFKit.framework; sourceTree = SDKROOT; };
		C5E738400BFC3E0600D5BB09 /* PrismPlusTests.xctest */ = {isa = PBXFileReference; explicitFileType = wrapper.cfbundle; includeInIndex = 0; path = PrismPlusTests.xctest; sourceTree = BUILT_PRODUCTS_DIR; };
		C62785E299C8753A0E9BB794 /* LaTeXDiagnosticParser.swift */ = {isa = PBXFileReference; lastKnownFileType = sourcecode.swift; path = LaTeXDiagnosticParser.swift; sourceTree = "<group>"; };
		D5C1C5B7FFF1C86633128318 /* WorkspaceViewModel.swift */ = {isa = PBXFileReference; lastKnownFileType = sourcecode.swift; path = WorkspaceViewModel.swift; sourceTree = "<group>"; };
		DF8A99D3B4B01485EA000991 /* ExplorerCreationDestinationTests.swift */ = {isa = PBXFileReference; lastKnownFileType = sourcecode.swift; path = ExplorerCreationDestinationTests.swift; sourceTree = "<group>"; };
		E0A7A21F9D12F98B22B8FB9D /* ProjectScanner.swift */ = {isa = PBXFileReference; lastKnownFileType = sourcecode.swift; path = ProjectScanner.swift; sourceTree = "<group>"; };
		E6E031E647AD20C97B20A374 /* PrismPlusApp.swift */ = {isa = PBXFileReference; lastKnownFileType = sourcecode.swift; path = PrismPlusApp.swift; sourceTree = "<group>"; };
		EDD1DA732918B00609640F1E /* ProjectExplorerView.swift */ = {isa = PBXFileReference; lastKnownFileType = sourcecode.swift; path = ProjectExplorerView.swift; sourceTree = "<group>"; };
		F3CBC420AC182D58ACE844BC /* WorkspaceView.swift */ = {isa = PBXFileReference; lastKnownFileType = sourcecode.swift; path = WorkspaceView.swift; sourceTree = "<group>"; };
		F9609EE19494CCF37B5096BF /* ExplorerEditPolicyTests.swift */ = {isa = PBXFileReference; lastKnownFileType = sourcecode.swift; path = ExplorerEditPolicyTests.swift; sourceTree = "<group>"; };
/* End PBXFileReference section */

/* Begin PBXFrameworksBuildPhase section */
		13CDE3CDA5E9763648061E88 /* Frameworks */ = {
			isa = PBXFrameworksBuildPhase;
			buildActionMask = 2147483647;
			files = (
				F276DFD7C73FFFE8F5B2DC6C /* PDFKit.framework in Frameworks */,
				144DD5A716A8B911B5FB0F56 /* WebKit.framework in Frameworks */,
			);
			runOnlyForDeploymentPostprocessing = 0;
		};
/* End PBXFrameworksBuildPhase section */

/* Begin PBXGroup section */
		3C5F41E73B56D5D37015C8FB /* PrismPlusTests */ = {
			isa = PBXGroup;
			children = (
				53BD997D367C2B79DDBCA43B /* CompilationArtifactLoaderTests.swift */,
				DF8A99D3B4B01485EA000991 /* ExplorerCreationDestinationTests.swift */,
				F9609EE19494CCF37B5096BF /* ExplorerEditPolicyTests.swift */,
				3BEEDB88B2DA9DDF68DC1224 /* LaTeXDiagnosticParserTests.swift */,
				9F7CB2AF8D7D1B9B4E9F20C2 /* LaTeXSourceReadinessTests.swift */,
				7EF547C3EDD6A0103C5669A3 /* ProjectResourceManagerTests.swift */,
				11F22EAB01519F2BA6D34C25 /* ProjectScannerTests.swift */,
				14D20CA851785C30A8EA965E /* TectonicCommandBuilderTests.swift */,
				3F762C78BAEF3D047782EA39 /* TectonicCompilerTests.swift */,
				4057D81654E5D4DDDF2937E3 /* WorkspaceViewModelTests.swift */,
			);
			path = PrismPlusTests;
			sourceTree = "<group>";
		};
		478DA7B078C51C27E53CD462 /* Frameworks */ = {
			isa = PBXGroup;
			children = (
				BDE88BB1BD7F8C4E97CE959B /* PDFKit.framework */,
				846C25698E89B9D3C34AFE29 /* WebKit.framework */,
			);
			name = Frameworks;
			sourceTree = "<group>";
		};
		55F5EFDFAEDAB40BE165F9F9 /* PrismPlus */ = {
			isa = PBXGroup;
			children = (
				6FBB830572CA65092E0F6BFF /* CompilationDiagnostic.swift */,
				89134B9D7F63368A21F357C2 /* CompilationResult.swift */,
				AEBEB87DF65F5B054C95DA65 /* EditorResources */,
				73B789C3C329B9B98B03DF9E /* ExplorerEditPolicy.swift */,
				C62785E299C8753A0E9BB794 /* LaTeXDiagnosticParser.swift */,
				ACFB88097DD635842006DD2C /* LaTeXDocumentTemplate.swift */,
				27687ECF3D504FC44AE90E02 /* LaTeXSourceReadiness.swift */,
				3167E2B07C27D71496AF8475 /* MonacoEditorView.swift */,
				2C12A16CF849B36090C7653F /* PDFPreview.swift */,
				E6E031E647AD20C97B20A374 /* PrismPlusApp.swift */,
				61423680AACBF5EFF036B17D /* ProcessInvocation.swift */,
				5387A034F903008D25148A69 /* ProcessRunner.swift */,
				EDD1DA732918B00609640F1E /* ProjectExplorerView.swift */,
				107C12B3CC7B6B313023450E /* ProjectResourceManager.swift */,
				E0A7A21F9D12F98B22B8FB9D /* ProjectScanner.swift */,
				4E8DF54078C8291B96E7D427 /* TectonicCompiler.swift */,
				F3CBC420AC182D58ACE844BC /* WorkspaceView.swift */,
				D5C1C5B7FFF1C86633128318 /* WorkspaceViewModel.swift */,
			);
			path = PrismPlus;
			sourceTree = "<group>";
		};
		AAD93C311748101901FC9506 /* Products */ = {
			isa = PBXGroup;
			children = (
				027981C3B6400A8B3F0431FF /* PrismPlus.app */,
				C5E738400BFC3E0600D5BB09 /* PrismPlusTests.xctest */,
			);
			name = Products;
			sourceTree = "<group>";
		};
		AB147A09E2C5FA6E10689CC7 = {
			isa = PBXGroup;
			children = (
				55F5EFDFAEDAB40BE165F9F9 /* PrismPlus */,
				3C5F41E73B56D5D37015C8FB /* PrismPlusTests */,
				478DA7B078C51C27E53CD462 /* Frameworks */,
				AAD93C311748101901FC9506 /* Products */,
			);
			sourceTree = "<group>";
		};
/* End PBXGroup section */

/* Begin PBXNativeTarget section */
		0F7DC7F4A22E8359DB0D7C3B /* PrismPlus */ = {
			isa = PBXNativeTarget;
			buildConfigurationList = D01C03988C2AF35CFB2B61CD /* Build configuration list for PBXNativeTarget "PrismPlus" */;
			buildPhases = (
				A2BB7CF24B520823B9C8BEDD /* Sources */,
				A0F5AD412D4F0ED4C651CDE0 /* Resources */,
				13CDE3CDA5E9763648061E88 /* Frameworks */,
			);
			buildRules = (
			);
			dependencies = (
			);
			name = PrismPlus;
			packageProductDependencies = (
			);
			productName = PrismPlus;
			productReference = 027981C3B6400A8B3F0431FF /* PrismPlus.app */;
			productType = "com.apple.product-type.application";
		};
		7E436F1FF823989DA587C148 /* PrismPlusTests */ = {
			isa = PBXNativeTarget;
			buildConfigurationList = 09479FE710B112E0EDDF0D38 /* Build configuration list for PBXNativeTarget "PrismPlusTests" */;
			buildPhases = (
				CC89AFF67605361CED9576FC /* Sources */,
			);
			buildRules = (
			);
			dependencies = (
				57AF22C27CDCAAB18BE800BF /* PBXTargetDependency */,
			);
			name = PrismPlusTests;
			packageProductDependencies = (
			);
			productName = PrismPlusTests;
			productReference = C5E738400BFC3E0600D5BB09 /* PrismPlusTests.xctest */;
			productType = "com.apple.product-type.bundle.unit-test";
		};
/* End PBXNativeTarget section */

/* Begin PBXProject section */
		B1CE44D0A442932ABBE5CCBA /* Project object */ = {
			isa = PBXProject;
			attributes = {
				BuildIndependentTargetsInParallel = YES;
				LastUpgradeCheck = 1430;
				TargetAttributes = {
					0F7DC7F4A22E8359DB0D7C3B = {
						DevelopmentTeam = "";
						ProvisioningStyle = Automatic;
					};
					7E436F1FF823989DA587C148 = {
						DevelopmentTeam = "";
						ProvisioningStyle = Automatic;
					};
				};
			};
			buildConfigurationList = D8FA1125A5924861C65BC7C4 /* Build configuration list for PBXProject "PrismPlus" */;
			developmentRegion = en;
			hasScannedForEncodings = 0;
			knownRegions = (
				Base,
				en,
			);
			mainGroup = AB147A09E2C5FA6E10689CC7;
			minimizedProjectReferenceProxies = 1;
			preferredProjectObjectVersion = 77;
			productRefGroup = AAD93C311748101901FC9506 /* Products */;
			projectDirPath = "";
			projectRoot = "";
			targets = (
				0F7DC7F4A22E8359DB0D7C3B /* PrismPlus */,
				7E436F1FF823989DA587C148 /* PrismPlusTests */,
			);
		};
/* End PBXProject section */

/* Begin PBXResourcesBuildPhase section */
		A0F5AD412D4F0ED4C651CDE0 /* Resources */ = {
			isa = PBXResourcesBuildPhase;
			buildActionMask = 2147483647;
			files = (
				22DA548458DB788294367E88 /* EditorResources in Resources */,
			);
			runOnlyForDeploymentPostprocessing = 0;
		};
/* End PBXResourcesBuildPhase section */

/* Begin PBXSourcesBuildPhase section */
		A2BB7CF24B520823B9C8BEDD /* Sources */ = {
			isa = PBXSourcesBuildPhase;
			buildActionMask = 2147483647;
			files = (
				70279808A84056875506D3E2 /* CompilationDiagnostic.swift in Sources */,
				13057B1870E4D798E230B497 /* CompilationResult.swift in Sources */,
				FAA39D54A189FA27074A770E /* ExplorerEditPolicy.swift in Sources */,
				8AA60AE75320665A1ADF5F3C /* LaTeXDiagnosticParser.swift in Sources */,
				9A64381B54138AAFA2380BF5 /* LaTeXDocumentTemplate.swift in Sources */,
				B585FD97917E802784D53134 /* LaTeXSourceReadiness.swift in Sources */,
				A1F8B6C1E0D9C40AD3A4C795 /* MonacoEditorView.swift in Sources */,
				1B0683BCD3B0727062A53F0D /* PDFPreview.swift in Sources */,
				886986DEC48D247095475A24 /* PrismPlusApp.swift in Sources */,
				9F4EBD1D2122F97A99D60496 /* ProcessInvocation.swift in Sources */,
				08570E56B23E8897866332B4 /* ProcessRunner.swift in Sources */,
				0FCD024EFC7FF9E2DDF431EC /* ProjectExplorerView.swift in Sources */,
				F8B1FF6471150145ABC97CB9 /* ProjectResourceManager.swift in Sources */,
				1BAC3986D550A6694984EB9E /* ProjectScanner.swift in Sources */,
				1931C71C3EEB72E303E68183 /* TectonicCompiler.swift in Sources */,
				BF970159ED9E35AD92DFB5C7 /* WorkspaceView.swift in Sources */,
				A49224E66397FA40080BE374 /* WorkspaceViewModel.swift in Sources */,
			);
			runOnlyForDeploymentPostprocessing = 0;
		};
		CC89AFF67605361CED9576FC /* Sources */ = {
			isa = PBXSourcesBuildPhase;
			buildActionMask = 2147483647;
			files = (
				1149A28813C129F9C0EBD8EE /* CompilationArtifactLoaderTests.swift in Sources */,
				4271280416A45581E425D848 /* ExplorerCreationDestinationTests.swift in Sources */,
				64512BD3A6A39040EBF7F72E /* ExplorerEditPolicyTests.swift in Sources */,
				7DDAE3335693D4BBC28986F6 /* LaTeXDiagnosticParserTests.swift in Sources */,
				911DD5F8049436ACAE4018D7 /* LaTeXSourceReadinessTests.swift in Sources */,
				8439B3075A89765B94666B96 /* ProjectResourceManagerTests.swift in Sources */,
				0A95D0E458A60401424E5C91 /* ProjectScannerTests.swift in Sources */,
				EBBDA650AAAD369DD39DFA25 /* TectonicCommandBuilderTests.swift in Sources */,
				2F15177780AEFD51D7CF08A9 /* TectonicCompilerTests.swift in Sources */,
				CFB645DA6E9023D18D00C171 /* WorkspaceViewModelTests.swift in Sources */,
			);
			runOnlyForDeploymentPostprocessing = 0;
		};
/* End PBXSourcesBuildPhase section */

/* Begin PBXTargetDependency section */
		57AF22C27CDCAAB18BE800BF /* PBXTargetDependency */ = {
			isa = PBXTargetDependency;
			target = 0F7DC7F4A22E8359DB0D7C3B /* PrismPlus */;
			targetProxy = 5E51F1EBED9D436E6077D481 /* PBXContainerItemProxy */;
		};
/* End PBXTargetDependency section */

/* Begin XCBuildConfiguration section */
		058D51F0DDE9C92D48B2DB2D /* Release */ = {
			isa = XCBuildConfiguration;
			buildSettings = {
				ASSETCATALOG_COMPILER_APPICON_NAME = AppIcon;
				COMBINE_HIDPI_IMAGES = YES;
				ENABLE_APP_SANDBOX = NO;
				GENERATE_INFOPLIST_FILE = YES;
				INFOPLIST_KEY_CFBundleDisplayName = "Prism Plus";
				INFOPLIST_KEY_LSApplicationCategoryType = "public.app-category.productivity";
				LD_RUNPATH_SEARCH_PATHS = (
					"$(inherited)",
					"@executable_path/../Frameworks",
				);
				MACOSX_DEPLOYMENT_TARGET = 14.0;
				PRODUCT_BUNDLE_IDENTIFIER = com.damonli.PrismPlus;
				SDKROOT = macosx;
			};
			name = Release;
		};
		3D4FF4804FC003507D1C6F77 /* Release */ = {
			isa = XCBuildConfiguration;
			buildSettings = {
				BUNDLE_LOADER = "$(TEST_HOST)";
				COMBINE_HIDPI_IMAGES = YES;
				GENERATE_INFOPLIST_FILE = YES;
				LD_RUNPATH_SEARCH_PATHS = (
					"$(inherited)",
					"@executable_path/../Frameworks",
					"@loader_path/../Frameworks",
				);
				MACOSX_DEPLOYMENT_TARGET = 14.0;
				PRODUCT_BUNDLE_IDENTIFIER = com.damonli.PrismPlusTests;
				SDKROOT = macosx;
				TEST_HOST = "$(BUILT_PRODUCTS_DIR)/PrismPlus.app/Contents/MacOS/PrismPlus";
			};
			name = Release;
		};
		3E9A43BB3707EC0BD1D2D901 /* Release */ = {
			isa = XCBuildConfiguration;
			buildSettings = {
				ALWAYS_SEARCH_USER_PATHS = NO;
				CLANG_ANALYZER_NONNULL = YES;
				CLANG_ANALYZER_NUMBER_OBJECT_CONVERSION = YES_AGGRESSIVE;
				CLANG_CXX_LANGUAGE_STANDARD = "gnu++14";
				CLANG_CXX_LIBRARY = "libc++";
				CLANG_ENABLE_MODULES = YES;
				CLANG_ENABLE_OBJC_ARC = YES;
				CLANG_ENABLE_OBJC_WEAK = YES;
				CLANG_WARN_BLOCK_CAPTURE_AUTORELEASING = YES;
				CLANG_WARN_BOOL_CONVERSION = YES;
				CLANG_WARN_COMMA = YES;
				CLANG_WARN_CONSTANT_CONVERSION = YES;
				CLANG_WARN_DEPRECATED_OBJC_IMPLEMENTATIONS = YES;
				CLANG_WARN_DIRECT_OBJC_ISA_USAGE = YES_ERROR;
				CLANG_WARN_DOCUMENTATION_COMMENTS = YES;
				CLANG_WARN_EMPTY_BODY = YES;
				CLANG_WARN_ENUM_CONVERSION = YES;
				CLANG_WARN_INFINITE_RECURSION = YES;
				CLANG_WARN_INT_CONVERSION = YES;
				CLANG_WARN_NON_LITERAL_NULL_CONVERSION = YES;
				CLANG_WARN_OBJC_IMPLICIT_RETAIN_SELF = YES;
				CLANG_WARN_OBJC_LITERAL_CONVERSION = YES;
				CLANG_WARN_OBJC_ROOT_CLASS = YES_ERROR;
				CLANG_WARN_QUOTED_INCLUDE_IN_FRAMEWORK_HEADER = YES;
				CLANG_WARN_RANGE_LOOP_ANALYSIS = YES;
				CLANG_WARN_STRICT_PROTOTYPES = YES;
				CLANG_WARN_SUSPICIOUS_MOVE = YES;
				CLANG_WARN_UNGUARDED_AVAILABILITY = YES_AGGRESSIVE;
				CLANG_WARN_UNREACHABLE_CODE = YES;
				CLANG_WARN__DUPLICATE_METHOD_MATCH = YES;
				CODE_SIGN_STYLE = Automatic;
				COPY_PHASE_STRIP = NO;
				DEBUG_INFORMATION_FORMAT = "dwarf-with-dsym";
				DEVELOPMENT_TEAM = "";
				ENABLE_NS_ASSERTIONS = NO;
				ENABLE_STRICT_OBJC_MSGSEND = YES;
				GCC_C_LANGUAGE_STANDARD = gnu11;
				GCC_NO_COMMON_BLOCKS = YES;
				GCC_WARN_64_TO_32_BIT_CONVERSION = YES;
				GCC_WARN_ABOUT_RETURN_TYPE = YES_ERROR;
				GCC_WARN_UNDECLARED_SELECTOR = YES;
				GCC_WARN_UNINITIALIZED_AUTOS = YES_AGGRESSIVE;
				GCC_WARN_UNUSED_FUNCTION = YES;
				GCC_WARN_UNUSED_VARIABLE = YES;
				MACOSX_DEPLOYMENT_TARGET = 14.0;
				MTL_ENABLE_DEBUG_INFO = NO;
				MTL_FAST_MATH = YES;
				PRODUCT_NAME = "$(TARGET_NAME)";
				SDKROOT = macosx;
				SWIFT_COMPILATION_MODE = wholemodule;
				SWIFT_OPTIMIZATION_LEVEL = "-O";
				SWIFT_STRICT_CONCURRENCY = complete;
				SWIFT_VERSION = 6.0;
			};
			name = Release;
		};
		857AA4634E648B078333C115 /* Debug */ = {
			isa = XCBuildConfiguration;
			buildSettings = {
				ALWAYS_SEARCH_USER_PATHS = NO;
				CLANG_ANALYZER_NONNULL = YES;
				CLANG_ANALYZER_NUMBER_OBJECT_CONVERSION = YES_AGGRESSIVE;
				CLANG_CXX_LANGUAGE_STANDARD = "gnu++14";
				CLANG_CXX_LIBRARY = "libc++";
				CLANG_ENABLE_MODULES = YES;
				CLANG_ENABLE_OBJC_ARC = YES;
				CLANG_ENABLE_OBJC_WEAK = YES;
				CLANG_WARN_BLOCK_CAPTURE_AUTORELEASING = YES;
				CLANG_WARN_BOOL_CONVERSION = YES;
				CLANG_WARN_COMMA = YES;
				CLANG_WARN_CONSTANT_CONVERSION = YES;
				CLANG_WARN_DEPRECATED_OBJC_IMPLEMENTATIONS = YES;
				CLANG_WARN_DIRECT_OBJC_ISA_USAGE = YES_ERROR;
				CLANG_WARN_DOCUMENTATION_COMMENTS = YES;
				CLANG_WARN_EMPTY_BODY = YES;
				CLANG_WARN_ENUM_CONVERSION = YES;
				CLANG_WARN_INFINITE_RECURSION = YES;
				CLANG_WARN_INT_CONVERSION = YES;
				CLANG_WARN_NON_LITERAL_NULL_CONVERSION = YES;
				CLANG_WARN_OBJC_IMPLICIT_RETAIN_SELF = YES;
				CLANG_WARN_OBJC_LITERAL_CONVERSION = YES;
				CLANG_WARN_OBJC_ROOT_CLASS = YES_ERROR;
				CLANG_WARN_QUOTED_INCLUDE_IN_FRAMEWORK_HEADER = YES;
				CLANG_WARN_RANGE_LOOP_ANALYSIS = YES;
				CLANG_WARN_STRICT_PROTOTYPES = YES;
				CLANG_WARN_SUSPICIOUS_MOVE = YES;
				CLANG_WARN_UNGUARDED_AVAILABILITY = YES_AGGRESSIVE;
				CLANG_WARN_UNREACHABLE_CODE = YES;
				CLANG_WARN__DUPLICATE_METHOD_MATCH = YES;
				CODE_SIGN_STYLE = Automatic;
				COPY_PHASE_STRIP = NO;
				DEBUG_INFORMATION_FORMAT = dwarf;
				DEVELOPMENT_TEAM = "";
				ENABLE_STRICT_OBJC_MSGSEND = YES;
				ENABLE_TESTABILITY = YES;
				GCC_C_LANGUAGE_STANDARD = gnu11;
				GCC_DYNAMIC_NO_PIC = NO;
				GCC_NO_COMMON_BLOCKS = YES;
				GCC_OPTIMIZATION_LEVEL = 0;
				GCC_PREPROCESSOR_DEFINITIONS = (
					"$(inherited)",
					"DEBUG=1",
				);
				GCC_WARN_64_TO_32_BIT_CONVERSION = YES;
				GCC_WARN_ABOUT_RETURN_TYPE = YES_ERROR;
				GCC_WARN_UNDECLARED_SELECTOR = YES;
				GCC_WARN_UNINITIALIZED_AUTOS = YES_AGGRESSIVE;
				GCC_WARN_UNUSED_FUNCTION = YES;
				GCC_WARN_UNUSED_VARIABLE = YES;
				MACOSX_DEPLOYMENT_TARGET = 14.0;
				MTL_ENABLE_DEBUG_INFO = INCLUDE_SOURCE;
				MTL_FAST_MATH = YES;
				ONLY_ACTIVE_ARCH = YES;
				PRODUCT_NAME = "$(TARGET_NAME)";
				SDKROOT = macosx;
				SWIFT_ACTIVE_COMPILATION_CONDITIONS = DEBUG;
				SWIFT_OPTIMIZATION_LEVEL = "-Onone";
				SWIFT_STRICT_CONCURRENCY = complete;
				SWIFT_VERSION = 6.0;
			};
			name = Debug;
		};
		C0527E3BFA2BC790E9F6B64C /* Debug */ = {
			isa = XCBuildConfiguration;
			buildSettings = {
				BUNDLE_LOADER = "$(TEST_HOST)";
				COMBINE_HIDPI_IMAGES = YES;
				GENERATE_INFOPLIST_FILE = YES;
				LD_RUNPATH_SEARCH_PATHS = (
					"$(inherited)",
					"@executable_path/../Frameworks",
					"@loader_path/../Frameworks",
				);
				MACOSX_DEPLOYMENT_TARGET = 14.0;
				PRODUCT_BUNDLE_IDENTIFIER = com.damonli.PrismPlusTests;
				SDKROOT = macosx;
				TEST_HOST = "$(BUILT_PRODUCTS_DIR)/PrismPlus.app/Contents/MacOS/PrismPlus";
			};
			name = Debug;
		};
		D391B961C60BB1E4801ED1AF /* Debug */ = {
			isa = XCBuildConfiguration;
			buildSettings = {
				ASSETCATALOG_COMPILER_APPICON_NAME = AppIcon;
				COMBINE_HIDPI_IMAGES = YES;
				ENABLE_APP_SANDBOX = NO;
				GENERATE_INFOPLIST_FILE = YES;
				INFOPLIST_KEY_CFBundleDisplayName = "Prism Plus";
				INFOPLIST_KEY_LSApplicationCategoryType = "public.app-category.productivity";
				LD_RUNPATH_SEARCH_PATHS = (
					"$(inherited)",
					"@executable_path/../Frameworks",
				);
				MACOSX_DEPLOYMENT_TARGET = 14.0;
				PRODUCT_BUNDLE_IDENTIFIER = com.damonli.PrismPlus;
				SDKROOT = macosx;
			};
			name = Debug;
		};
/* End XCBuildConfiguration section */

/* Begin XCConfigurationList section */
		09479FE710B112E0EDDF0D38 /* Build configuration list for PBXNativeTarget "PrismPlusTests" */ = {
			isa = XCConfigurationList;
			buildConfigurations = (
				C0527E3BFA2BC790E9F6B64C /* Debug */,
				3D4FF4804FC003507D1C6F77 /* Release */,
			);
			defaultConfigurationIsVisible = 0;
			defaultConfigurationName = Debug;
		};
		D01C03988C2AF35CFB2B61CD /* Build configuration list for PBXNativeTarget "PrismPlus" */ = {
			isa = XCConfigurationList;
			buildConfigurations = (
				D391B961C60BB1E4801ED1AF /* Debug */,
				058D51F0DDE9C92D48B2DB2D /* Release */,
			);
			defaultConfigurationIsVisible = 0;
			defaultConfigurationName = Debug;
		};
		D8FA1125A5924861C65BC7C4 /* Build configuration list for PBXProject "PrismPlus" */ = {
			isa = XCConfigurationList;
			buildConfigurations = (
				857AA4634E648B078333C115 /* Debug */,
				3E9A43BB3707EC0BD1D2D901 /* Release */,
			);
			defaultConfigurationIsVisible = 0;
			defaultConfigurationName = Debug;
		};
/* End XCConfigurationList section */
	};
	rootObject = B1CE44D0A442932ABBE5CCBA /* Project object */;
}
